
Microsoft Visual Studio Solution File, Format Version 12.00
# Visual Studio Version 16
VisualStudioVersion = 16.0.31613.86
MinimumVisualStudioVersion = 10.0.40219.1
Project("{FAE04EC0-301F-11D3-BF4B-00C04F79EFBC}") = "BlazorDetectTheme", "BlazorDetectTheme\BlazorDetectTheme.csproj", "{A26CC73A-4B2B-4462-9AD2-AA6B56FCFF87}"
EndProject
Global
	GlobalSection(SolutionConfigurationPlatforms) = preSolution
		Debug|Any CPU = Debug|Any CPU
		Release|Any CPU = Release|Any CPU
	EndGlobalSection
	GlobalSection(ProjectConfigurationPlatforms) = postSolution
		{A26CC73A-4B2B-4462-9AD2-AA6B56FCFF87}.Debug|Any CPU.ActiveCfg = Debug|Any CPU
		{A26CC73A-4B2B-4462-9AD2-AA6B56FCFF87}.Debug|Any CPU.Build.0 = Debug|Any CPU
		{A26CC73A-4B2B-4462-9AD2-AA6B56FCFF87}.Release|Any CPU.ActiveCfg = Release|Any CPU
		{A26CC73A-4B2B-4462-9AD2-AA6B56FCFF87}.Release|Any CPU.Build.0 = Release|Any CPU
	EndGlobalSection
	GlobalSection(SolutionProperties) = preSolution
		HideSolutionNode = FALSE
	EndGlobalSection
	GlobalSection(ExtensibilityGlobals) = postSolution
		SolutionGuid = {70EC3969-1B85-4F26-87F7-5390CD833B9C}
	EndGlobalSection
EndGlobal
